
Microsoft Visual Studio Solution File, Format Version 12.00
# Visual Studio 14
VisualStudioVersion = 14.0.25420.1
MinimumVisualStudioVersion = 10.0.40219.1
Project("{FAE04EC0-301F-11D3-BF4B-00C04F79EFBC}") = "Array", "Array\Array.csproj", "{5C02A73E-6A88-4656-A963-4C3F0CF6ADDC}"
EndProject
Project("{FAE04EC0-301F-11D3-BF4B-00C04F79EFBC}") = "Generic", "Generic\Generic.csproj", "{926BA988-00FF-4D24-9B61-F419DDE487BB}"
EndProject
Project("{FAE04EC0-301F-11D3-BF4B-00C04F79EFBC}") = "GettingStarted", "GettingStarted\GettingStarted.csproj", "{AB87D601-A9BB-44FD-B148-8548747D632C}"
EndProject
Global
	GlobalSection(SolutionConfigurationPlatforms) = preSolution
		Debug|Any CPU = Debug|Any CPU
		Release|Any CPU = Release|Any CPU
	EndGlobalSection
	GlobalSection(ProjectConfigurationPlatforms) = postSolution
		{5C02A73E-6A88-4656-A963-4C3F0CF6ADDC}.Debug|Any CPU.ActiveCfg = Debug|Any CPU
		{5C02A73E-6A88-4656-A963-4C3F0CF6ADDC}.Debug|Any CPU.Build.0 = Debug|Any CPU
		{5C02A73E-6A88-4656-A963-4C3F0CF6ADDC}.Release|Any CPU.ActiveCfg = Release|Any CPU
		{5C02A73E-6A88-4656-A963-4C3F0CF6ADDC}.Release|Any CPU.Build.0 = Release|Any CPU
		{926BA988-00FF-4D24-9B61-F419DDE487BB}.Debug|Any CPU.ActiveCfg = Debug|Any CPU
		{926BA988-00FF-4D24-9B61-F419DDE487BB}.Debug|Any CPU.Build.0 = Debug|Any CPU
		{926BA988-00FF-4D24-9B61-F419DDE487BB}.Release|Any CPU.ActiveCfg = Release|Any CPU
		{926BA988-00FF-4D24-9B61-F419DDE487BB}.Release|Any CPU.Build.0 = Release|Any CPU
		{AB87D601-A9BB-44FD-B148-8548747D632C}.Debug|Any CPU.ActiveCfg = Debug|Any CPU
		{AB87D601-A9BB-44FD-B148-8548747D632C}.Debug|Any CPU.Build.0 = Debug|Any CPU
		{AB87D601-A9BB-44FD-B148-8548747D632C}.Release|Any CPU.ActiveCfg = Release|Any CPU
		{AB87D601-A9BB-44FD-B148-8548747D632C}.Release|Any CPU.Build.0 = Release|Any CPU
	EndGlobalSection
	GlobalSection(SolutionProperties) = preSolution
		HideSolutionNode = FALSE
	EndGlobalSection
EndGlobal
